
Microsoft Visual Studio Solution File, Format Version 12.00
# Visual Studio Version 17
VisualStudioVersion = 17.14.36511.14 d17.14
MinimumVisualStudioVersion = 10.0.40219.1
Project("{8BC9CEB8-8B4A-11D0-8D11-00A0C91BC942}") = "Jan_Carrasqué_HundirLafFlota", "Jan_Carrasqué_HundirLafFlota\Jan_Carrasqué_HundirLafFlota.vcxproj", "{ED860F13-6B4A-40DC-B4D4-993A3A3BD90B}"
EndProject
Global
	GlobalSection(SolutionConfigurationPlatforms) = preSolution
		Debug|x64 = Debug|x64
		Debug|x86 = Debug|x86
		Release|x64 = Release|x64
		Release|x86 = Release|x86
	EndGlobalSection
	GlobalSection(ProjectConfigurationPlatforms) = postSolution
		{ED860F13-6B4A-40DC-B4D4-993A3A3BD90B}.Debug|x64.ActiveCfg = Debug|x64
		{ED860F13-6B4A-40DC-B4D4-993A3A3BD90B}.Debug|x64.Build.0 = Debug|x64
		{ED860F13-6B4A-40DC-B4D4-993A3A3BD90B}.Debug|x86.ActiveCfg = Debug|Win32
		{ED860F13-6B4A-40DC-B4D4-993A3A3BD90B}.Debug|x86.Build.0 = Debug|Win32
		{ED860F13-6B4A-40DC-B4D4-993A3A3BD90B}.Release|x64.ActiveCfg = Release|x64
		{ED860F13-6B4A-40DC-B4D4-993A3A3BD90B}.Release|x64.Build.0 = Release|x64
		{ED860F13-6B4A-40DC-B4D4-993A3A3BD90B}.Release|x86.ActiveCfg = Release|Win32
		{ED860F13-6B4A-40DC-B4D4-993A3A3BD90B}.Release|x86.Build.0 = Release|Win32
	EndGlobalSection
	GlobalSection(SolutionProperties) = preSolution
		HideSolutionNode = FALSE
	EndGlobalSection
	GlobalSection(ExtensibilityGlobals) = postSolution
		SolutionGuid = {26F59310-6044-4B91-9FDA-2EF09238AC63}
	EndGlobalSection
EndGlobal
