
Microsoft Visual Studio Solution File, Format Version 12.00
# Visual Studio Version 17
VisualStudioVersion = 17.14.36603.0 d17.14
MinimumVisualStudioVersion = 10.0.40219.1
Project("{8BC9CEB8-8B4A-11D0-8D11-00A0C91BC942}") = "Repaso de Punteros", "Repaso de Punteros\Repaso de Punteros.vcxproj", "{27632D1A-208C-48E6-BEF6-57BA392DE55E}"
EndProject
Global
	GlobalSection(SolutionConfigurationPlatforms) = preSolution
		Debug|x64 = Debug|x64
		Debug|x86 = Debug|x86
		Release|x64 = Release|x64
		Release|x86 = Release|x86
	EndGlobalSection
	GlobalSection(ProjectConfigurationPlatforms) = postSolution
		{27632D1A-208C-48E6-BEF6-57BA392DE55E}.Debug|x64.ActiveCfg = Debug|x64
		{27632D1A-208C-48E6-BEF6-57BA392DE55E}.Debug|x64.Build.0 = Debug|x64
		{27632D1A-208C-48E6-BEF6-57BA392DE55E}.Debug|x86.ActiveCfg = Debug|Win32
		{27632D1A-208C-48E6-BEF6-57BA392DE55E}.Debug|x86.Build.0 = Debug|Win32
		{27632D1A-208C-48E6-BEF6-57BA392DE55E}.Release|x64.ActiveCfg = Release|x64
		{27632D1A-208C-48E6-BEF6-57BA392DE55E}.Release|x64.Build.0 = Release|x64
		{27632D1A-208C-48E6-BEF6-57BA392DE55E}.Release|x86.ActiveCfg = Release|Win32
		{27632D1A-208C-48E6-BEF6-57BA392DE55E}.Release|x86.Build.0 = Release|Win32
	EndGlobalSection
	GlobalSection(SolutionProperties) = preSolution
		HideSolutionNode = FALSE
	EndGlobalSection
	GlobalSection(ExtensibilityGlobals) = postSolution
		SolutionGuid = {45709197-D233-460C-A6B9-68E14FA493C9}
	EndGlobalSection
EndGlobal
