
Microsoft Visual Studio Solution File, Format Version 12.00
# Visual Studio Version 17
VisualStudioVersion = 17.14.36603.0 d17.14
MinimumVisualStudioVersion = 10.0.40219.1
Project("{8BC9CEB8-8B4A-11D0-8D11-00A0C91BC942}") = "JAN_CARRASQUE_ACT1UF2", "JAN_CARRASQUE_ACT1UF2\JAN_CARRASQUE_ACT1UF2.vcxproj", "{7907E10C-F828-4DA1-98F9-CCEA163C017F}"
EndProject
Global
	GlobalSection(SolutionConfigurationPlatforms) = preSolution
		Debug|x64 = Debug|x64
		Debug|x86 = Debug|x86
		Release|x64 = Release|x64
		Release|x86 = Release|x86
	EndGlobalSection
	GlobalSection(ProjectConfigurationPlatforms) = postSolution
		{7907E10C-F828-4DA1-98F9-CCEA163C017F}.Debug|x64.ActiveCfg = Debug|x64
		{7907E10C-F828-4DA1-98F9-CCEA163C017F}.Debug|x64.Build.0 = Debug|x64
		{7907E10C-F828-4DA1-98F9-CCEA163C017F}.Debug|x86.ActiveCfg = Debug|Win32
		{7907E10C-F828-4DA1-98F9-CCEA163C017F}.Debug|x86.Build.0 = Debug|Win32
		{7907E10C-F828-4DA1-98F9-CCEA163C017F}.Release|x64.ActiveCfg = Release|x64
		{7907E10C-F828-4DA1-98F9-CCEA163C017F}.Release|x64.Build.0 = Release|x64
		{7907E10C-F828-4DA1-98F9-CCEA163C017F}.Release|x86.ActiveCfg = Release|Win32
		{7907E10C-F828-4DA1-98F9-CCEA163C017F}.Release|x86.Build.0 = Release|Win32
	EndGlobalSection
	GlobalSection(SolutionProperties) = preSolution
		HideSolutionNode = FALSE
	EndGlobalSection
	GlobalSection(ExtensibilityGlobals) = postSolution
		SolutionGuid = {DC832D5F-1595-4145-BAF0-CBC7C27EC684}
	EndGlobalSection
EndGlobal
